// !$*UTF8*$!
{
	archiveVersion = 1;
	classes = {
	};
	objectVersion = 48;
	objects = {

/* Begin PBXBuildFile section */
		2712F8201FFED34400AE9DA0 /* AppDelegate.swift in Sources */ = {isa = PBXBuildFile; fileRef = 2712F81F1FFED34400AE9DA0 /* AppDelegate.swift */; };
		2712F8221FFED34400AE9DA0 /* ViewController.swift in Sources */ = {isa = PBXBuildFile; fileRef = 2712F8211FFED34400AE9DA0 /* ViewController.swift */; };
		2712F8251FFED34400AE9DA0 /* Main.storyboard in Resources */ = {isa = PBXBuildFile; fileRef = 2712F8231FFED34400AE9DA0 /* Main.storyboard */; };
		2712F8271FFED34400AE9DA0 /* Assets.xcassets in Resources */ = {isa = PBXBuildFile; fileRef = 2712F8261FFED34400AE9DA0 /* Assets.xcassets */; };
		2712F82A1FFED34400AE9DA0 /* LaunchScreen.storyboard in Resources */ = {isa = PBXBuildFile; fileRef = 2712F8281FFED34400AE9DA0 /* LaunchScreen.storyboard */; };
/* End PBXBuildFile section */

/* Begin PBXFileReference section */
		2712F81C1FFED34400AE9DA0 /* DripSimpleHydration.app */ = {isa = PBXFileReference; explicitFileType = wrapper.application; includeInIndex = 0; path = DripSimpleHydration.app; sourceTree = BUILT_PRODUCTS_DIR; };
		2712F81F1FFED34400AE9DA0 /* AppDelegate.swift */ = {isa = PBXFileReference; lastKnownFileType = sourcecode.swift; path = AppDelegate.swift; sourceTree = "<group>"; };
		2712F8211FFED34400AE9DA0 /* ViewController.swift */ = {isa = PBXFileReference; lastKnownFileType = sourcecode.swift; path = ViewController.swift; sourceTree = "<group>"; };
		2712F8241FFED34400AE9DA0 /* Base */ = {isa = PBXFileReference; lastKnownFileType = file.storyboard; name = Base; path = Base.lproj/Main.storyboard; sourceTree = "<group>"; };
		2712F8261FFED34400AE9DA0 /* Assets.xcassets */ = {isa = PBXFileReference; lastKnownFileType = folder.assetcatalog; path = Assets.xcassets; sourceTree = "<group>"; };
		2712F8291FFED34400AE9DA0 /* Base */ = {isa = PBXFileReference; lastKnownFileType = file.storyboard; name = Base; path = Base.lproj/LaunchScreen.storyboard; sourceTree = "<group>"; };
		2712F82B1FFED34400AE9DA0 /* Info.plist */ = {isa = PBXFileReference; lastKnownFileType = text.plist.xml; path = Info.plist; sourceTree = "<group>"; };
/* End PBXFileReference section */

/* Begin PBXFrameworksBuildPhase section */
		2712F8191FFED34400AE9DA0 /* Frameworks */ = {
			isa = PBXFrameworksBuildPhase;
			buildActionMask = 2147483647;
			files = (
			);
			runOnlyForDeploymentPostprocessing = 0;
		};
/* End PBXFrameworksBuildPhase section */

/* Begin PBXGroup section */
		2712F8131FFED34400AE9DA0 = {
			isa = PBXGroup;
			children = (
				2712F81E1FFED34400AE9DA0 /* DripSimpleHydration */,
				2712F81D1FFED34400AE9DA0 /* Products */,
			);
			sourceTree = "<group>";
		};
		2712F81D1FFED34400AE9DA0 /* Products */ = {
			isa = PBXGroup;
			children = (
				2712F81C1FFED34400AE9DA0 /* DripSimpleHydration.app */,
			);
			name = Products;
			sourceTree = "<group>";
		};
		2712F81E1FFED34400AE9DA0 /* DripSimpleHydration */ = {
			isa = PBXGroup;
			children = (
				2712F81F1FFED34400AE9DA0 /* AppDelegate.swift */,
				2712F8211FFED34400AE9DA0 /* ViewController.swift */,
				2712F8231FFED34400AE9DA0 /* Main.storyboard */,
				2712F8261FFED34400AE9DA0 /* Assets.xcassets */,
				2712F8281FFED34400AE9DA0 /* LaunchScreen.storyboard */,
				2712F82B1FFED34400AE9DA0 /* Info.plist */,
			);
			path = DripSimpleHydration;
			sourceTree = "<group>";
		};
/* End PBXGroup section */

/* Begin PBXNativeTarget section */
		2712F81B1FFED34400AE9DA0 /* DripSimpleHydration */ = {
			isa = PBXNativeTarget;
			buildConfigurationList = 2712F82E1FFED34400AE9DA0 /* Build configuration list for PBXNativeTarget "DripSimpleHydration" */;
			buildPhases = (
				2712F8181FFED34400AE9DA0 /* Sources */,
				2712F8191FFED34400AE9DA0 /* Frameworks */,
				2712F81A1FFED34400AE9DA0 /* Resources */,
			);
			buildRules = (
			);
			dependencies = (
			);
			name = DripSimpleHydration;
			productName = DripSimpleHydration;
			productReference = 2712F81C1FFED34400AE9DA0 /* DripSimpleHydration.app */;
			productType = "com.apple.product-type.application";
		};
/* End PBXNativeTarget section */

/* Begin PBXProject section */
		2712F8141FFED34400AE9DA0 /* Project object */ = {
			isa = PBXProject;
			attributes = {
				LastSwiftUpdateCheck = 0920;
				LastUpgradeCheck = 0920;
				ORGANIZATIONNAME = Kyle;
				TargetAttributes = {
					2712F81B1FFED34400AE9DA0 = {
						CreatedOnToolsVersion = 9.2;
						ProvisioningStyle = Automatic;
					};
				};
			};
			buildConfigurationList = 2712F8171FFED34400AE9DA0 /* Build configuration list for PBXProject "DripSimpleHydration" */;
			compatibilityVersion = "Xcode 8.0";
			developmentRegion = en;
			hasScannedForEncodings = 0;
			knownRegions = (
				en,
				Base,
			);
			mainGroup = 2712F8131FFED34400AE9DA0;
			productRefGroup = 2712F81D1FFED34400AE9DA0 /* Products */;
			projectDirPath = "";
			projectRoot = "";
			targets = (
				2712F81B1FFED34400AE9DA0 /* DripSimpleHydration */,
			);
		};
/* End PBXProject section */

/* Begin PBXResourcesBuildPhase section */
		2712F81A1FFED34400AE9DA0 /* Resources */ = {
			isa = PBXResourcesBuildPhase;
			buildActionMask = 2147483647;
			files = (
				2712F82A1FFED34400AE9DA0 /* LaunchScreen.storyboard in Resources */,
				2712F8271FFED34400AE9DA0 /* Assets.xcassets in Resources */,
				2712F8251FFED34400AE9DA0 /* Main.storyboard in Resources */,
			);
			runOnlyForDeploymentPostprocessing = 0;
		};
/* End PBXResourcesBuildPhase section */

/* Begin PBXSourcesBuildPhase section */
		2712F8181FFED34400AE9DA0 /* Sources */ = {
			isa = PBXSourcesBuildPhase;
			buildActionMask = 2147483647;
			files = (
				2712F8221FFED34400AE9DA0 /* ViewController.swift in Sources */,
				2712F8201FFED34400AE9DA0 /* AppDelegate.swift in Sources */,
			);
			runOnlyForDeploymentPostprocessing = 0;
		};
/* End PBXSourcesBuildPhase section */

/* Begin PBXVariantGroup section */
		2712F8231FFED34400AE9DA0 /* Main.storyboard */ = {
			isa = PBXVariantGroup;
			children = (
				2712F8241FFED34400AE9DA0 /* Base */,
			);
			name = Main.storyboard;
			sourceTree = "<group>";
		};
		2712F8281FFED34400AE9DA0 /* LaunchScreen.storyboard */ = {
			isa = PBXVariantGroup;
			children = (
				2712F8291FFED34400AE9DA0 /* Base */,
			);
			name = LaunchScreen.storyboard;
			sourceTree = "<group>";
		};
/* End PBXVariantGroup section */

/* Begin XCBuildConfiguration section */
		2712F82C1FFED34400AE9DA0 /* Debug */ = {
			isa = XCBuildConfiguration;
			buildSettings = {
				ALWAYS_SEARCH_USER_PATHS = NO;
				CLANG_ANALYZER_NONNULL = YES;
				CLANG_ANALYZER_NUMBER_OBJECT_CONVERSION = YES_AGGRESSIVE;
				CLANG_CXX_LANGUAGE_STANDARD = "gnu++14";
				CLANG_CXX_LIBRARY = "libc++";
				CLANG_ENABLE_MODULES = YES;
				CLANG_ENABLE_OBJC_ARC = YES;
				CLANG_WARN_BLOCK_CAPTURE_AUTORELEASING = YES;
				CLANG_WARN_BOOL_CONVERSION = YES;
				CLANG_WARN_COMMA = YES;
				CLANG_WARN_CONSTANT_CONVERSION = YES;
				CLANG_WARN_DIRECT_OBJC_ISA_USAGE = YES_ERROR;
				CLANG_WARN_DOCUMENTATION_COMMENTS = YES;
				CLANG_WARN_EMPTY_BODY = YES;
				CLANG_WARN_ENUM_CONVERSION = YES;
				CLANG_WARN_INFINITE_RECURSION = YES;
				CLANG_WARN_INT_CONVERSION = YES;
				CLANG_WARN_NON_LITERAL_NULL_CONVERSION = YES;
				CLANG_WARN_OBJC_LITERAL_CONVERSION = YES;
				CLANG_WARN_OBJC_ROOT_CLASS = YES_ERROR;
				CLANG_WARN_RANGE_LOOP_ANALYSIS = YES;
				CLANG_WARN_STRICT_PROTOTYPES = YES;
				CLANG_WARN_SUSPICIOUS_MOVE = YES;
				CLANG_WARN_UNGUARDED_AVAILABILITY = YES_AGGRESSIVE;
				CLANG_WARN_UNREACHABLE_CODE = YES;
				CLANG_WARN__DUPLICATE_METHOD_MATCH = YES;
				CODE_SIGN_IDENTITY = "iPhone Developer";
				COPY_PHASE_STRIP = NO;
				DEBUG_INFORMATION_FORMAT = dwarf;
				ENABLE_STRICT_OBJC_MSGSEND = YES;
				ENABLE_TESTABILITY = YES;
				GCC_C_LANGUAGE_STANDARD = gnu11;
				GCC_DYNAMIC_NO_PIC = NO;
				GCC_NO_COMMON_BLOCKS = YES;
				GCC_OPTIMIZATION_LEVEL = 0;
				GCC_PREPROCESSOR_DEFINITIONS = (
					"DEBUG=1",
					"$(inherited)",
				);
				GCC_WARN_64_TO_32_BIT_CONVERSION = YES;
				GCC_WARN_ABOUT_RETURN_TYPE = YES_ERROR;
				GCC_WARN_UNDECLARED_SELECTOR = YES;
				GCC_WARN_UNINITIALIZED_AUTOS = YES_AGGRESSIVE;
				GCC_WARN_UNUSED_FUNCTION = YES;
				GCC_WARN_UNUSED_VARIABLE = YES;
				IPHONEOS_DEPLOYMENT_TARGET = 11.2;
				MTL_ENABLE_DEBUG_INFO = YES;
				ONLY_ACTIVE_ARCH = YES;
				SDKROOT = iphoneos;
				SWIFT_ACTIVE_COMPILATION_CONDITIONS = DEBUG;
				SWIFT_OPTIMIZATION_LEVEL = "-Onone";
			};
			name = Debug;
		};
		2712F82D1FFED34400AE9DA0 /* Release */ = {
			isa = XCBuildConfiguration;
			buildSettings = {
				ALWAYS_SEARCH_USER_PATHS = NO;
				CLANG_ANALYZER_NONNULL = YES;
				CLANG_ANALYZER_NUMBER_OBJECT_CONVERSION = YES_AGGRESSIVE;
				CLANG_CXX_LANGUAGE_STANDARD = "gnu++14";
				CLANG_CXX_LIBRARY = "libc++";
				CLANG_ENABLE_MODULES = YES;
				CLANG_ENABLE_OBJC_ARC = YES;
				CLANG_WARN_BLOCK_CAPTURE_AUTORELEASING = YES;
				CLANG_WARN_BOOL_CONVERSION = YES;
				CLANG_WARN_COMMA = YES;
				CLANG_WARN_CONSTANT_CONVERSION = YES;
				CLANG_WARN_DIRECT_OBJC_ISA_USAGE = YES_ERROR;
				CLANG_WARN_DOCUMENTATION_COMMENTS = YES;
				CLANG_WARN_EMPTY_BODY = YES;
				CLANG_WARN_ENUM_CONVERSION = YES;
				CLANG_WARN_INFINITE_RECURSION = YES;
				CLANG_WARN_INT_CONVERSION = YES;
				CLANG_WARN_NON_LITERAL_NULL_CONVERSION = YES;
				CLANG_WARN_OBJC_LITERAL_CONVERSION = YES;
				CLANG_WARN_OBJC_ROOT_CLASS = YES_ERROR;
				CLANG_WARN_RANGE_LOOP_ANALYSIS = YES;
				CLANG_WARN_STRICT_PROTOTYPES = YES;
				CLANG_WARN_SUSPICIOUS_MOVE = YES;
				CLANG_WARN_UNGUARDED_AVAILABILITY = YES_AGGRESSIVE;
				CLANG_WARN_UNREACHABLE_CODE = YES;
				CLANG_WARN__DUPLICATE_METHOD_MATCH = YES;
				CODE_SIGN_IDENTITY = "iPhone Developer";
				COPY_PHASE_STRIP = NO;
				DEBUG_INFORMATION_FORMAT = "dwarf-with-dsym";
				ENABLE_NS_ASSERTIONS = NO;
				ENABLE_STRICT_OBJC_MSGSEND = YES;
				GCC_C_LANGUAGE_STANDARD = gnu11;
				GCC_NO_COMMON_BLOCKS = YES;
				GCC_WARN_64_TO_32_BIT_CONVERSION = YES;
				GCC_WARN_ABOUT_RETURN_TYPE = YES_ERROR;
				GCC_WARN_UNDECLARED_SELECTOR = YES;
				GCC_WARN_UNINITIALIZED_AUTOS = YES_AGGRESSIVE;
				GCC_WARN_UNUSED_FUNCTION = YES;
				GCC_WARN_UNUSED_VARIABLE = YES;
				IPHONEOS_DEPLOYMENT_TARGET = 11.2;
				MTL_ENABLE_DEBUG_INFO = NO;
				SDKROOT = iphoneos;
				SWIFT_OPTIMIZATION_LEVEL = "-Owholemodule";
				VALIDATE_PRODUCT = YES;
			};
			name = Release;
		};
		2712F82F1FFED34400AE9DA0 /* Debug */ = {
			isa = XCBuildConfiguration;
			buildSettings = {
				ASSETCATALOG_COMPILER_APPICON_NAME = AppIcon;
				CODE_SIGN_STYLE = Automatic;
				DEVELOPMENT_TEAM = V9CEBD9ZBT;
				INFOPLIST_FILE = DripSimpleHydration/Info.plist;
				LD_RUNPATH_SEARCH_PATHS = "$(inherited) @executable_path/Frameworks";
				PRODUCT_BUNDLE_IDENTIFIER = ca.genoe.apps.DripSimpleHydration;
				PRODUCT_NAME = "$(TARGET_NAME)";
				SWIFT_VERSION = 4.0;
				TARGETED_DEVICE_FAMILY = "1,2";
			};
			name = Debug;
		};
		2712F8301FFED34400AE9DA0 /* Release */ = {
			isa = XCBuildConfiguration;
			buildSettings = {
				ASSETCATALOG_COMPILER_APPICON_NAME = AppIcon;
				CODE_SIGN_STYLE = Automatic;
				DEVELOPMENT_TEAM = V9CEBD9ZBT;
				INFOPLIST_FILE = DripSimpleHydration/Info.plist;
				LD_RUNPATH_SEARCH_PATHS = "$(inherited) @executable_path/Frameworks";
				PRODUCT_BUNDLE_IDENTIFIER = ca.genoe.apps.DripSimpleHydration;
				PRODUCT_NAME = "$(TARGET_NAME)";
				SWIFT_VERSION = 4.0;
				TARGETED_DEVICE_FAMILY = "1,2";
			};
			name = Release;
		};
/* End XCBuildConfiguration section */

/* Begin XCConfigurationList section */
		2712F8171FFED34400AE9DA0 /* Build configuration list for PBXProject "DripSimpleHydration" */ = {
			isa = XCConfigurationList;
			buildConfigurations = (
				2712F82C1FFED34400AE9DA0 /* Debug */,
				2712F82D1FFED34400AE9DA0 /* Release */,
			);
			defaultConfigurationIsVisible = 0;
			defaultConfigurationName = Release;
		};
		2712F82E1FFED34400AE9DA0 /* Build configuration list for PBXNativeTarget "DripSimpleHydration" */ = {
			isa = XCConfigurationList;
			buildConfigurations = (
				2712F82F1FFED34400AE9DA0 /* Debug */,
				2712F8301FFED34400AE9DA0 /* Release */,
			);
			defaultConfigurationIsVisible = 0;
			defaultConfigurationName = Release;
		};
/* End XCConfigurationList section */
	};
	rootObject = 2712F8141FFED34400AE9DA0 /* Project object */;
}
