// !$*UTF8*$!
{
	archiveVersion = 1;
	classes = {
	};
	objectVersion = 48;
	objects = {

/* Begin PBXBuildFile section */
		2712F8201FFED34400AE9DA0 /* AppDelegate.swift in Sources */ = {isa = PBXBuildFile; fileRef = 2712F81F1FFED34400AE9DA0 /* AppDelegate.swift */; };
		2712F8251FFED34400AE9DA0 /* Main.storyboard in Resources */ = {isa = PBXBuildFile; fileRef = 2712F8231FFED34400AE9DA0 /* Main.storyboard */; };
		2712F8271FFED34400AE9DA0 /* Assets.xcassets in Resources */ = {isa = PBXBuildFile; fileRef = 2712F8261FFED34400AE9DA0 /* Assets.xcassets */; };
		2712F82A1FFED34400AE9DA0 /* LaunchScreen.storyboard in Resources */ = {isa = PBXBuildFile; fileRef = 2712F8281FFED34400AE9DA0 /* LaunchScreen.storyboard */; };
		2712F8361FFED56200AE9DA0 /* MainViewController.swift in Sources */ = {isa = PBXBuildFile; fileRef = 2712F8351FFED56200AE9DA0 /* MainViewController.swift */; };
		2712F8381FFED5E500AE9DA0 /* SettingsViewController.swift in Sources */ = {isa = PBXBuildFile; fileRef = 2712F8371FFED5E500AE9DA0 /* SettingsViewController.swift */; };
		2712F83B1FFED62F00AE9DA0 /* UnitType.swift in Sources */ = {isa = PBXBuildFile; fileRef = 2712F83A1FFED62F00AE9DA0 /* UnitType.swift */; };
		2712F83E1FFED6A200AE9DA0 /* DefaultsKey.swift in Sources */ = {isa = PBXBuildFile; fileRef = 2712F83D1FFED6A200AE9DA0 /* DefaultsKey.swift */; };
		2712F8401FFED6E300AE9DA0 /* SharedUserDefaults.swift in Sources */ = {isa = PBXBuildFile; fileRef = 2712F83F1FFED6E300AE9DA0 /* SharedUserDefaults.swift */; };
		2712F8421FFED76F00AE9DA0 /* InitialDefaults.swift in Sources */ = {isa = PBXBuildFile; fileRef = 2712F8411FFED76F00AE9DA0 /* InitialDefaults.swift */; };
		2712F8441FFED90E00AE9DA0 /* UIBorderedButton.swift in Sources */ = {isa = PBXBuildFile; fileRef = 2712F8431FFED90E00AE9DA0 /* UIBorderedButton.swift */; };
		2712F8461FFED99300AE9DA0 /* HealthKit.framework in Frameworks */ = {isa = PBXBuildFile; fileRef = 2712F8451FFED99300AE9DA0 /* HealthKit.framework */; };
		2712F8481FFED9B000AE9DA0 /* HealthKitManager.swift in Sources */ = {isa = PBXBuildFile; fileRef = 2712F8471FFED9B000AE9DA0 /* HealthKitManager.swift */; };
		2712F84A1FFEDB7500AE9DA0 /* Utilities.swift in Sources */ = {isa = PBXBuildFile; fileRef = 2712F8491FFEDB7500AE9DA0 /* Utilities.swift */; };
		2712F84C1FFEDD2900AE9DA0 /* ColorPalette.swift in Sources */ = {isa = PBXBuildFile; fileRef = 2712F84B1FFEDD2900AE9DA0 /* ColorPalette.swift */; };
		7910C7CEB19E4BC2B19259F8 /* Pods_DripSimpleHydration.framework in Frameworks */ = {isa = PBXBuildFile; fileRef = FE5F8C685889C52B36F1A323 /* Pods_DripSimpleHydration.framework */; };
/* End PBXBuildFile section */

/* Begin PBXFileReference section */
		2712F81C1FFED34400AE9DA0 /* DripSimpleHydration.app */ = {isa = PBXFileReference; explicitFileType = wrapper.application; includeInIndex = 0; path = DripSimpleHydration.app; sourceTree = BUILT_PRODUCTS_DIR; };
		2712F81F1FFED34400AE9DA0 /* AppDelegate.swift */ = {isa = PBXFileReference; lastKnownFileType = sourcecode.swift; path = AppDelegate.swift; sourceTree = "<group>"; };
		2712F8241FFED34400AE9DA0 /* Base */ = {isa = PBXFileReference; lastKnownFileType = file.storyboard; name = Base; path = Base.lproj/Main.storyboard; sourceTree = "<group>"; };
		2712F8261FFED34400AE9DA0 /* Assets.xcassets */ = {isa = PBXFileReference; lastKnownFileType = folder.assetcatalog; path = Assets.xcassets; sourceTree = "<group>"; };
		2712F8291FFED34400AE9DA0 /* Base */ = {isa = PBXFileReference; lastKnownFileType = file.storyboard; name = Base; path = Base.lproj/LaunchScreen.storyboard; sourceTree = "<group>"; };
		2712F82B1FFED34400AE9DA0 /* Info.plist */ = {isa = PBXFileReference; lastKnownFileType = text.plist.xml; path = Info.plist; sourceTree = "<group>"; };
		2712F8311FFED36F00AE9DA0 /* DripSimpleHydration.entitlements */ = {isa = PBXFileReference; lastKnownFileType = text.plist.entitlements; path = DripSimpleHydration.entitlements; sourceTree = "<group>"; };
		2712F8351FFED56200AE9DA0 /* MainViewController.swift */ = {isa = PBXFileReference; lastKnownFileType = sourcecode.swift; path = MainViewController.swift; sourceTree = "<group>"; };
		2712F8371FFED5E500AE9DA0 /* SettingsViewController.swift */ = {isa = PBXFileReference; lastKnownFileType = sourcecode.swift; path = SettingsViewController.swift; sourceTree = "<group>"; };
		2712F83A1FFED62F00AE9DA0 /* UnitType.swift */ = {isa = PBXFileReference; lastKnownFileType = sourcecode.swift; path = UnitType.swift; sourceTree = "<group>"; };
		2712F83D1FFED6A200AE9DA0 /* DefaultsKey.swift */ = {isa = PBXFileReference; lastKnownFileType = sourcecode.swift; path = DefaultsKey.swift; sourceTree = "<group>"; };
		2712F83F1FFED6E300AE9DA0 /* SharedUserDefaults.swift */ = {isa = PBXFileReference; lastKnownFileType = sourcecode.swift; path = SharedUserDefaults.swift; sourceTree = "<group>"; };
		2712F8411FFED76F00AE9DA0 /* InitialDefaults.swift */ = {isa = PBXFileReference; lastKnownFileType = sourcecode.swift; path = InitialDefaults.swift; sourceTree = "<group>"; };
		2712F8431FFED90E00AE9DA0 /* UIBorderedButton.swift */ = {isa = PBXFileReference; lastKnownFileType = sourcecode.swift; path = UIBorderedButton.swift; sourceTree = "<group>"; };
		2712F8451FFED99300AE9DA0 /* HealthKit.framework */ = {isa = PBXFileReference; lastKnownFileType = wrapper.framework; name = HealthKit.framework; path = System/Library/Frameworks/HealthKit.framework; sourceTree = SDKROOT; };
		2712F8471FFED9B000AE9DA0 /* HealthKitManager.swift */ = {isa = PBXFileReference; lastKnownFileType = sourcecode.swift; path = HealthKitManager.swift; sourceTree = "<group>"; };
		2712F8491FFEDB7500AE9DA0 /* Utilities.swift */ = {isa = PBXFileReference; lastKnownFileType = sourcecode.swift; path = Utilities.swift; sourceTree = "<group>"; };
		2712F84B1FFEDD2900AE9DA0 /* ColorPalette.swift */ = {isa = PBXFileReference; lastKnownFileType = sourcecode.swift; path = ColorPalette.swift; sourceTree = SOURCE_ROOT; };
		528A1F0FE088460DAADA90D9 /* Pods-DripSimpleHydration.debug.xcconfig */ = {isa = PBXFileReference; includeInIndex = 1; lastKnownFileType = text.xcconfig; name = "Pods-DripSimpleHydration.debug.xcconfig"; path = "Pods/Target Support Files/Pods-DripSimpleHydration/Pods-DripSimpleHydration.debug.xcconfig"; sourceTree = "<group>"; };
		F555FB150D2F156823634388 /* Pods-DripSimpleHydration.release.xcconfig */ = {isa = PBXFileReference; includeInIndex = 1; lastKnownFileType = text.xcconfig; name = "Pods-DripSimpleHydration.release.xcconfig"; path = "Pods/Target Support Files/Pods-DripSimpleHydration/Pods-DripSimpleHydration.release.xcconfig"; sourceTree = "<group>"; };
		FE5F8C685889C52B36F1A323 /* Pods_DripSimpleHydration.framework */ = {isa = PBXFileReference; explicitFileType = wrapper.framework; includeInIndex = 0; path = Pods_DripSimpleHydration.framework; sourceTree = BUILT_PRODUCTS_DIR; };
/* End PBXFileReference section */

/* Begin PBXFrameworksBuildPhase section */
		2712F8191FFED34400AE9DA0 /* Frameworks */ = {
			isa = PBXFrameworksBuildPhase;
			buildActionMask = 2147483647;
			files = (
				2712F8461FFED99300AE9DA0 /* HealthKit.framework in Frameworks */,
				7910C7CEB19E4BC2B19259F8 /* Pods_DripSimpleHydration.framework in Frameworks */,
			);
			runOnlyForDeploymentPostprocessing = 0;
		};
/* End PBXFrameworksBuildPhase section */

/* Begin PBXGroup section */
		2712F8131FFED34400AE9DA0 = {
			isa = PBXGroup;
			children = (
				2712F81E1FFED34400AE9DA0 /* DripSimpleHydration */,
				2712F81D1FFED34400AE9DA0 /* Products */,
				2712F8321FFED51C00AE9DA0 /* Frameworks */,
				951D52ECE5805B5F320D3934 /* Pods */,
			);
			sourceTree = "<group>";
		};
		2712F81D1FFED34400AE9DA0 /* Products */ = {
			isa = PBXGroup;
			children = (
				2712F81C1FFED34400AE9DA0 /* DripSimpleHydration.app */,
			);
			name = Products;
			sourceTree = "<group>";
		};
		2712F81E1FFED34400AE9DA0 /* DripSimpleHydration */ = {
			isa = PBXGroup;
			children = (
				2712F8311FFED36F00AE9DA0 /* DripSimpleHydration.entitlements */,
				2712F81F1FFED34400AE9DA0 /* AppDelegate.swift */,
				2712F8391FFED62300AE9DA0 /* Model */,
				2712F8351FFED56200AE9DA0 /* MainViewController.swift */,
				2712F8371FFED5E500AE9DA0 /* SettingsViewController.swift */,
				2712F8431FFED90E00AE9DA0 /* UIBorderedButton.swift */,
				2712F84B1FFEDD2900AE9DA0 /* ColorPalette.swift */,
				2712F83C1FFED68400AE9DA0 /* Helpers */,
				2712F8231FFED34400AE9DA0 /* Main.storyboard */,
				2712F8261FFED34400AE9DA0 /* Assets.xcassets */,
				2712F8281FFED34400AE9DA0 /* LaunchScreen.storyboard */,
				2712F82B1FFED34400AE9DA0 /* Info.plist */,
			);
			path = DripSimpleHydration;
			sourceTree = "<group>";
		};
		2712F8321FFED51C00AE9DA0 /* Frameworks */ = {
			isa = PBXGroup;
			children = (
				2712F8451FFED99300AE9DA0 /* HealthKit.framework */,
				FE5F8C685889C52B36F1A323 /* Pods_DripSimpleHydration.framework */,
			);
			name = Frameworks;
			sourceTree = "<group>";
		};
		2712F8391FFED62300AE9DA0 /* Model */ = {
			isa = PBXGroup;
			children = (
				2712F83A1FFED62F00AE9DA0 /* UnitType.swift */,
			);
			path = Model;
			sourceTree = "<group>";
		};
		2712F83C1FFED68400AE9DA0 /* Helpers */ = {
			isa = PBXGroup;
			children = (
				2712F83D1FFED6A200AE9DA0 /* DefaultsKey.swift */,
				2712F83F1FFED6E300AE9DA0 /* SharedUserDefaults.swift */,
				2712F8411FFED76F00AE9DA0 /* InitialDefaults.swift */,
				2712F8471FFED9B000AE9DA0 /* HealthKitManager.swift */,
				2712F8491FFEDB7500AE9DA0 /* Utilities.swift */,
			);
			path = Helpers;
			sourceTree = "<group>";
		};
		951D52ECE5805B5F320D3934 /* Pods */ = {
			isa = PBXGroup;
			children = (
				528A1F0FE088460DAADA90D9 /* Pods-DripSimpleHydration.debug.xcconfig */,
				F555FB150D2F156823634388 /* Pods-DripSimpleHydration.release.xcconfig */,
			);
			name = Pods;
			sourceTree = "<group>";
		};
/* End PBXGroup section */

/* Begin PBXNativeTarget section */
		2712F81B1FFED34400AE9DA0 /* DripSimpleHydration */ = {
			isa = PBXNativeTarget;
			buildConfigurationList = 2712F82E1FFED34400AE9DA0 /* Build configuration list for PBXNativeTarget "DripSimpleHydration" */;
			buildPhases = (
				20758867EB266873A7FD4642 /* [CP] Check Pods Manifest.lock */,
				2712F8181FFED34400AE9DA0 /* Sources */,
				2712F8191FFED34400AE9DA0 /* Frameworks */,
				2712F81A1FFED34400AE9DA0 /* Resources */,
				6E836EC3336EA939825DBAC0 /* [CP] Embed Pods Frameworks */,
				0679769872D50F8FE6089EA2 /* [CP] Copy Pods Resources */,
			);
			buildRules = (
			);
			dependencies = (
			);
			name = DripSimpleHydration;
			productName = DripSimpleHydration;
			productReference = 2712F81C1FFED34400AE9DA0 /* DripSimpleHydration.app */;
			productType = "com.apple.product-type.application";
		};
/* End PBXNativeTarget section */

/* Begin PBXProject section */
		2712F8141FFED34400AE9DA0 /* Project object */ = {
			isa = PBXProject;
			attributes = {
				LastSwiftUpdateCheck = 0920;
				LastUpgradeCheck = 0920;
				ORGANIZATIONNAME = Kyle;
				TargetAttributes = {
					2712F81B1FFED34400AE9DA0 = {
						CreatedOnToolsVersion = 9.2;
						ProvisioningStyle = Automatic;
						SystemCapabilities = {
							com.apple.ApplicationGroups.iOS = {
								enabled = 1;
							};
							com.apple.HealthKit = {
								enabled = 1;
							};
							com.apple.InAppPurchase = {
								enabled = 0;
							};
						};
					};
				};
			};
			buildConfigurationList = 2712F8171FFED34400AE9DA0 /* Build configuration list for PBXProject "DripSimpleHydration" */;
			compatibilityVersion = "Xcode 8.0";
			developmentRegion = en;
			hasScannedForEncodings = 0;
			knownRegions = (
				en,
				Base,
			);
			mainGroup = 2712F8131FFED34400AE9DA0;
			productRefGroup = 2712F81D1FFED34400AE9DA0 /* Products */;
			projectDirPath = "";
			projectRoot = "";
			targets = (
				2712F81B1FFED34400AE9DA0 /* DripSimpleHydration */,
			);
		};
/* End PBXProject section */

/* Begin PBXResourcesBuildPhase section */
		2712F81A1FFED34400AE9DA0 /* Resources */ = {
			isa = PBXResourcesBuildPhase;
			buildActionMask = 2147483647;
			files = (
				2712F82A1FFED34400AE9DA0 /* LaunchScreen.storyboard in Resources */,
				2712F8271FFED34400AE9DA0 /* Assets.xcassets in Resources */,
				2712F8251FFED34400AE9DA0 /* Main.storyboard in Resources */,
			);
			runOnlyForDeploymentPostprocessing = 0;
		};
/* End PBXResourcesBuildPhase section */

/* Begin PBXShellScriptBuildPhase section */
		0679769872D50F8FE6089EA2 /* [CP] Copy Pods Resources */ = {
			isa = PBXShellScriptBuildPhase;
			buildActionMask = 2147483647;
			files = (
			);
			inputPaths = (
			);
			name = "[CP] Copy Pods Resources";
			outputPaths = (
			);
			runOnlyForDeploymentPostprocessing = 0;
			shellPath = /bin/sh;
			shellScript = "\"${SRCROOT}/Pods/Target Support Files/Pods-DripSimpleHydration/Pods-DripSimpleHydration-resources.sh\"\n";
			showEnvVarsInLog = 0;
		};
		20758867EB266873A7FD4642 /* [CP] Check Pods Manifest.lock */ = {
			isa = PBXShellScriptBuildPhase;
			buildActionMask = 2147483647;
			files = (
			);
			inputPaths = (
				"${PODS_PODFILE_DIR_PATH}/Podfile.lock",
				"${PODS_ROOT}/Manifest.lock",
			);
			name = "[CP] Check Pods Manifest.lock";
			outputPaths = (
				"$(DERIVED_FILE_DIR)/Pods-DripSimpleHydration-checkManifestLockResult.txt",
			);
			runOnlyForDeploymentPostprocessing = 0;
			shellPath = /bin/sh;
			shellScript = "diff \"${PODS_PODFILE_DIR_PATH}/Podfile.lock\" \"${PODS_ROOT}/Manifest.lock\" > /dev/null\nif [ $? != 0 ] ; then\n    # print error to STDERR\n    echo \"error: The sandbox is not in sync with the Podfile.lock. Run 'pod install' or update your CocoaPods installation.\" >&2\n    exit 1\nfi\n# This output is used by Xcode 'outputs' to avoid re-running this script phase.\necho \"SUCCESS\" > \"${SCRIPT_OUTPUT_FILE_0}\"\n";
			showEnvVarsInLog = 0;
		};
		6E836EC3336EA939825DBAC0 /* [CP] Embed Pods Frameworks */ = {
			isa = PBXShellScriptBuildPhase;
			buildActionMask = 2147483647;
			files = (
			);
			inputPaths = (
				"${SRCROOT}/Pods/Target Support Files/Pods-DripSimpleHydration/Pods-DripSimpleHydration-frameworks.sh",
				"${BUILT_PRODUCTS_DIR}/YXWaveView/YXWaveView.framework",
			);
			name = "[CP] Embed Pods Frameworks";
			outputPaths = (
				"${TARGET_BUILD_DIR}/${FRAMEWORKS_FOLDER_PATH}/YXWaveView.framework",
			);
			runOnlyForDeploymentPostprocessing = 0;
			shellPath = /bin/sh;
			shellScript = "\"${SRCROOT}/Pods/Target Support Files/Pods-DripSimpleHydration/Pods-DripSimpleHydration-frameworks.sh\"\n";
			showEnvVarsInLog = 0;
		};
/* End PBXShellScriptBuildPhase section */

/* Begin PBXSourcesBuildPhase section */
		2712F8181FFED34400AE9DA0 /* Sources */ = {
			isa = PBXSourcesBuildPhase;
			buildActionMask = 2147483647;
			files = (
				2712F8201FFED34400AE9DA0 /* AppDelegate.swift in Sources */,
				2712F8401FFED6E300AE9DA0 /* SharedUserDefaults.swift in Sources */,
				2712F8441FFED90E00AE9DA0 /* UIBorderedButton.swift in Sources */,
				2712F8421FFED76F00AE9DA0 /* InitialDefaults.swift in Sources */,
				2712F8361FFED56200AE9DA0 /* MainViewController.swift in Sources */,
				2712F8381FFED5E500AE9DA0 /* SettingsViewController.swift in Sources */,
				2712F83B1FFED62F00AE9DA0 /* UnitType.swift in Sources */,
				2712F83E1FFED6A200AE9DA0 /* DefaultsKey.swift in Sources */,
				2712F84A1FFEDB7500AE9DA0 /* Utilities.swift in Sources */,
				2712F8481FFED9B000AE9DA0 /* HealthKitManager.swift in Sources */,
				2712F84C1FFEDD2900AE9DA0 /* ColorPalette.swift in Sources */,
			);
			runOnlyForDeploymentPostprocessing = 0;
		};
/* End PBXSourcesBuildPhase section */

/* Begin PBXVariantGroup section */
		2712F8231FFED34400AE9DA0 /* Main.storyboard */ = {
			isa = PBXVariantGroup;
			children = (
				2712F8241FFED34400AE9DA0 /* Base */,
			);
			name = Main.storyboard;
			sourceTree = "<group>";
		};
		2712F8281FFED34400AE9DA0 /* LaunchScreen.storyboard */ = {
			isa = PBXVariantGroup;
			children = (
				2712F8291FFED34400AE9DA0 /* Base */,
			);
			name = LaunchScreen.storyboard;
			sourceTree = "<group>";
		};
/* End PBXVariantGroup section */

/* Begin XCBuildConfiguration section */
		2712F82C1FFED34400AE9DA0 /* Debug */ = {
			isa = XCBuildConfiguration;
			buildSettings = {
				ALWAYS_SEARCH_USER_PATHS = NO;
				CLANG_ANALYZER_NONNULL = YES;
				CLANG_ANALYZER_NUMBER_OBJECT_CONVERSION = YES_AGGRESSIVE;
				CLANG_CXX_LANGUAGE_STANDARD = "gnu++14";
				CLANG_CXX_LIBRARY = "libc++";
				CLANG_ENABLE_MODULES = YES;
				CLANG_ENABLE_OBJC_ARC = YES;
				CLANG_WARN_BLOCK_CAPTURE_AUTORELEASING = YES;
				CLANG_WARN_BOOL_CONVERSION = YES;
				CLANG_WARN_COMMA = YES;
				CLANG_WARN_CONSTANT_CONVERSION = YES;
				CLANG_WARN_DIRECT_OBJC_ISA_USAGE = YES_ERROR;
				CLANG_WARN_DOCUMENTATION_COMMENTS = YES;
				CLANG_WARN_EMPTY_BODY = YES;
				CLANG_WARN_ENUM_CONVERSION = YES;
				CLANG_WARN_INFINITE_RECURSION = YES;
				CLANG_WARN_INT_CONVERSION = YES;
				CLANG_WARN_NON_LITERAL_NULL_CONVERSION = YES;
				CLANG_WARN_OBJC_LITERAL_CONVERSION = YES;
				CLANG_WARN_OBJC_ROOT_CLASS = YES_ERROR;
				CLANG_WARN_RANGE_LOOP_ANALYSIS = YES;
				CLANG_WARN_STRICT_PROTOTYPES = YES;
				CLANG_WARN_SUSPICIOUS_MOVE = YES;
				CLANG_WARN_UNGUARDED_AVAILABILITY = YES_AGGRESSIVE;
				CLANG_WARN_UNREACHABLE_CODE = YES;
				CLANG_WARN__DUPLICATE_METHOD_MATCH = YES;
				CODE_SIGN_IDENTITY = "iPhone Developer";
				COPY_PHASE_STRIP = NO;
				DEBUG_INFORMATION_FORMAT = dwarf;
				ENABLE_STRICT_OBJC_MSGSEND = YES;
				ENABLE_TESTABILITY = YES;
				GCC_C_LANGUAGE_STANDARD = gnu11;
				GCC_DYNAMIC_NO_PIC = NO;
				GCC_NO_COMMON_BLOCKS = YES;
				GCC_OPTIMIZATION_LEVEL = 0;
				GCC_PREPROCESSOR_DEFINITIONS = (
					"DEBUG=1",
					"$(inherited)",
				);
				GCC_WARN_64_TO_32_BIT_CONVERSION = YES;
				GCC_WARN_ABOUT_RETURN_TYPE = YES_ERROR;
				GCC_WARN_UNDECLARED_SELECTOR = YES;
				GCC_WARN_UNINITIALIZED_AUTOS = YES_AGGRESSIVE;
				GCC_WARN_UNUSED_FUNCTION = YES;
				GCC_WARN_UNUSED_VARIABLE = YES;
				IPHONEOS_DEPLOYMENT_TARGET = 11.2;
				MTL_ENABLE_DEBUG_INFO = YES;
				ONLY_ACTIVE_ARCH = YES;
				SDKROOT = iphoneos;
				SWIFT_ACTIVE_COMPILATION_CONDITIONS = DEBUG;
				SWIFT_OPTIMIZATION_LEVEL = "-Onone";
			};
			name = Debug;
		};
		2712F82D1FFED34400AE9DA0 /* Release */ = {
			isa = XCBuildConfiguration;
			buildSettings = {
				ALWAYS_SEARCH_USER_PATHS = NO;
				CLANG_ANALYZER_NONNULL = YES;
				CLANG_ANALYZER_NUMBER_OBJECT_CONVERSION = YES_AGGRESSIVE;
				CLANG_CXX_LANGUAGE_STANDARD = "gnu++14";
				CLANG_CXX_LIBRARY = "libc++";
				CLANG_ENABLE_MODULES = YES;
				CLANG_ENABLE_OBJC_ARC = YES;
				CLANG_WARN_BLOCK_CAPTURE_AUTORELEASING = YES;
				CLANG_WARN_BOOL_CONVERSION = YES;
				CLANG_WARN_COMMA = YES;
				CLANG_WARN_CONSTANT_CONVERSION = YES;
				CLANG_WARN_DIRECT_OBJC_ISA_USAGE = YES_ERROR;
				CLANG_WARN_DOCUMENTATION_COMMENTS = YES;
				CLANG_WARN_EMPTY_BODY = YES;
				CLANG_WARN_ENUM_CONVERSION = YES;
				CLANG_WARN_INFINITE_RECURSION = YES;
				CLANG_WARN_INT_CONVERSION = YES;
				CLANG_WARN_NON_LITERAL_NULL_CONVERSION = YES;
				CLANG_WARN_OBJC_LITERAL_CONVERSION = YES;
				CLANG_WARN_OBJC_ROOT_CLASS = YES_ERROR;
				CLANG_WARN_RANGE_LOOP_ANALYSIS = YES;
				CLANG_WARN_STRICT_PROTOTYPES = YES;
				CLANG_WARN_SUSPICIOUS_MOVE = YES;
				CLANG_WARN_UNGUARDED_AVAILABILITY = YES_AGGRESSIVE;
				CLANG_WARN_UNREACHABLE_CODE = YES;
				CLANG_WARN__DUPLICATE_METHOD_MATCH = YES;
				CODE_SIGN_IDENTITY = "iPhone Developer";
				COPY_PHASE_STRIP = NO;
				DEBUG_INFORMATION_FORMAT = "dwarf-with-dsym";
				ENABLE_NS_ASSERTIONS = NO;
				ENABLE_STRICT_OBJC_MSGSEND = YES;
				GCC_C_LANGUAGE_STANDARD = gnu11;
				GCC_NO_COMMON_BLOCKS = YES;
				GCC_WARN_64_TO_32_BIT_CONVERSION = YES;
				GCC_WARN_ABOUT_RETURN_TYPE = YES_ERROR;
				GCC_WARN_UNDECLARED_SELECTOR = YES;
				GCC_WARN_UNINITIALIZED_AUTOS = YES_AGGRESSIVE;
				GCC_WARN_UNUSED_FUNCTION = YES;
				GCC_WARN_UNUSED_VARIABLE = YES;
				IPHONEOS_DEPLOYMENT_TARGET = 11.2;
				MTL_ENABLE_DEBUG_INFO = NO;
				SDKROOT = iphoneos;
				SWIFT_OPTIMIZATION_LEVEL = "-Owholemodule";
				VALIDATE_PRODUCT = YES;
			};
			name = Release;
		};
		2712F82F1FFED34400AE9DA0 /* Debug */ = {
			isa = XCBuildConfiguration;
			baseConfigurationReference = 528A1F0FE088460DAADA90D9 /* Pods-DripSimpleHydration.debug.xcconfig */;
			buildSettings = {
				ASSETCATALOG_COMPILER_APPICON_NAME = AppIcon;
				CODE_SIGN_ENTITLEMENTS = DripSimpleHydration/DripSimpleHydration.entitlements;
				CODE_SIGN_STYLE = Automatic;
				DEVELOPMENT_TEAM = V9CEBD9ZBT;
				INFOPLIST_FILE = DripSimpleHydration/Info.plist;
				LD_RUNPATH_SEARCH_PATHS = "$(inherited) @executable_path/Frameworks";
				PRODUCT_BUNDLE_IDENTIFIER = ca.genoe.apps.DripSimpleHydration;
				PRODUCT_NAME = "$(TARGET_NAME)";
				SWIFT_VERSION = 4.0;
				TARGETED_DEVICE_FAMILY = "1,2";
			};
			name = Debug;
		};
		2712F8301FFED34400AE9DA0 /* Release */ = {
			isa = XCBuildConfiguration;
			baseConfigurationReference = F555FB150D2F156823634388 /* Pods-DripSimpleHydration.release.xcconfig */;
			buildSettings = {
				ASSETCATALOG_COMPILER_APPICON_NAME = AppIcon;
				CODE_SIGN_ENTITLEMENTS = DripSimpleHydration/DripSimpleHydration.entitlements;
				CODE_SIGN_STYLE = Automatic;
				DEVELOPMENT_TEAM = V9CEBD9ZBT;
				INFOPLIST_FILE = DripSimpleHydration/Info.plist;
				LD_RUNPATH_SEARCH_PATHS = "$(inherited) @executable_path/Frameworks";
				PRODUCT_BUNDLE_IDENTIFIER = ca.genoe.apps.DripSimpleHydration;
				PRODUCT_NAME = "$(TARGET_NAME)";
				SWIFT_VERSION = 4.0;
				TARGETED_DEVICE_FAMILY = "1,2";
			};
			name = Release;
		};
/* End XCBuildConfiguration section */

/* Begin XCConfigurationList section */
		2712F8171FFED34400AE9DA0 /* Build configuration list for PBXProject "DripSimpleHydration" */ = {
			isa = XCConfigurationList;
			buildConfigurations = (
				2712F82C1FFED34400AE9DA0 /* Debug */,
				2712F82D1FFED34400AE9DA0 /* Release */,
			);
			defaultConfigurationIsVisible = 0;
			defaultConfigurationName = Release;
		};
		2712F82E1FFED34400AE9DA0 /* Build configuration list for PBXNativeTarget "DripSimpleHydration" */ = {
			isa = XCConfigurationList;
			buildConfigurations = (
				2712F82F1FFED34400AE9DA0 /* Debug */,
				2712F8301FFED34400AE9DA0 /* Release */,
			);
			defaultConfigurationIsVisible = 0;
			defaultConfigurationName = Release;
		};
/* End XCConfigurationList section */
	};
	rootObject = 2712F8141FFED34400AE9DA0 /* Project object */;
}
